
Microsoft Visual Studio Solution File, Format Version 12.00
# Visual Studio Version 17
VisualStudioVersion = 17.11.35327.3
MinimumVisualStudioVersion = 10.0.40219.1
Project("{FAE04EC0-301F-11D3-BF4B-00C04F79EFBC}") = "TEST_LOGIN", "TEST_LOGIN\TEST_LOGIN.csproj", "{BAC0C007-1E78-4CB8-836E-AA13B5324C87}"
EndProject
Global
	GlobalSection(SolutionConfigurationPlatforms) = preSolution
		Debug|Any CPU = Debug|Any CPU
		Release|Any CPU = Release|Any CPU
	EndGlobalSection
	GlobalSection(ProjectConfigurationPlatforms) = postSolution
		{BAC0C007-1E78-4CB8-836E-AA13B5324C87}.Debug|Any CPU.ActiveCfg = Debug|Any CPU
		{BAC0C007-1E78-4CB8-836E-AA13B5324C87}.Debug|Any CPU.Build.0 = Debug|Any CPU
		{BAC0C007-1E78-4CB8-836E-AA13B5324C87}.Release|Any CPU.ActiveCfg = Release|Any CPU
		{BAC0C007-1E78-4CB8-836E-AA13B5324C87}.Release|Any CPU.Build.0 = Release|Any CPU
	EndGlobalSection
	GlobalSection(SolutionProperties) = preSolution
		HideSolutionNode = FALSE
	EndGlobalSection
	GlobalSection(ExtensibilityGlobals) = postSolution
		SolutionGuid = {0F418FFF-5DB2-4B95-9B3B-6EEAED656082}
	EndGlobalSection
EndGlobal
